
Microsoft Visual Studio Solution File, Format Version 12.00
# Visual Studio Version 16
VisualStudioVersion = 16.0.30804.86
MinimumVisualStudioVersion = 10.0.40219.1
Project("{9A19103F-16F7-4668-BE54-9A1E7A4F7556}") = "Blog", "Blog\Blog.csproj", "{09FD1450-129B-4116-BB38-27B277FB90C5}"
EndProject
Project("{9A19103F-16F7-4668-BE54-9A1E7A4F7556}") = "NSubstituteWithExpression", "NSubstituteWithExpression\NSubstituteWithExpression.csproj", "{98DB5400-46ED-42ED-809B-4DF48DE4A96C}"
EndProject
Project("{9A19103F-16F7-4668-BE54-9A1E7A4F7556}") = "NSubstituteWithExpressionTests", "NSubstituteWithExpressionTests\NSubstituteWithExpressionTests.csproj", "{AE219845-DE7B-418D-AA2A-A2C04B2432B9}"
EndProject
Project("{2150E333-8FDC-42A3-9474-1A3956D46DE8}") = "DesignPattern", "DesignPattern", "{DF43A206-D7F8-4CAF-B35D-BFB55E526BDF}"
EndProject
Project("{9A19103F-16F7-4668-BE54-9A1E7A4F7556}") = "Creational_01_FactoryMethod", "Creational_01_FactoryMethod\Creational_01_FactoryMethod.csproj", "{96DA3B08-36B9-4363-B0AF-6541D53EC963}"
EndProject
Project("{9A19103F-16F7-4668-BE54-9A1E7A4F7556}") = "Creational_02_AbstractFactory", "Creational_02_Abstract Factory\Creational_02_AbstractFactory.csproj", "{6D906113-9C2F-4407-BC26-3610C1633542}"
EndProject
Project("{9A19103F-16F7-4668-BE54-9A1E7A4F7556}") = "Creational_03_Builder", "Creational_03_Builder\Creational_03_Builder.csproj", "{8FEDE6D6-6F06-48F5-887F-9322F370AD66}"
EndProject
Project("{9A19103F-16F7-4668-BE54-9A1E7A4F7556}") = "Creational_04_Prototype", "Creational_04_Prototype\Creational_04_Prototype.csproj", "{037AF1A9-4174-4849-9B61-D02ADE299BA2}"
EndProject
Project("{9A19103F-16F7-4668-BE54-9A1E7A4F7556}") = "Creational_05_Singleton", "Creational_05_Singleton\Creational_05_Singleton.csproj", "{04C0D6FF-C1D2-44FB-8405-DB58CEA423BE}"
EndProject
Project("{9A19103F-16F7-4668-BE54-9A1E7A4F7556}") = "Structural _01_Adapter", "Structural _01_Adapter\Structural _01_Adapter.csproj", "{F912A9B8-1B5F-4A88-9769-9CF34D1B4922}"
EndProject
Project("{9A19103F-16F7-4668-BE54-9A1E7A4F7556}") = "Structural _02_Bridge", "Structural _02_Bridge\Structural _02_Bridge.csproj", "{5415CE99-FE2F-4311-AF6C-464DAEA45927}"
EndProject
Global
	GlobalSection(SolutionConfigurationPlatforms) = preSolution
		Debug|Any CPU = Debug|Any CPU
		Release|Any CPU = Release|Any CPU
	EndGlobalSection
	GlobalSection(ProjectConfigurationPlatforms) = postSolution
		{09FD1450-129B-4116-BB38-27B277FB90C5}.Debug|Any CPU.ActiveCfg = Debug|Any CPU
		{09FD1450-129B-4116-BB38-27B277FB90C5}.Debug|Any CPU.Build.0 = Debug|Any CPU
		{09FD1450-129B-4116-BB38-27B277FB90C5}.Release|Any CPU.ActiveCfg = Release|Any CPU
		{09FD1450-129B-4116-BB38-27B277FB90C5}.Release|Any CPU.Build.0 = Release|Any CPU
		{98DB5400-46ED-42ED-809B-4DF48DE4A96C}.Debug|Any CPU.ActiveCfg = Debug|Any CPU
		{98DB5400-46ED-42ED-809B-4DF48DE4A96C}.Debug|Any CPU.Build.0 = Debug|Any CPU
		{98DB5400-46ED-42ED-809B-4DF48DE4A96C}.Release|Any CPU.ActiveCfg = Release|Any CPU
		{98DB5400-46ED-42ED-809B-4DF48DE4A96C}.Release|Any CPU.Build.0 = Release|Any CPU
		{AE219845-DE7B-418D-AA2A-A2C04B2432B9}.Debug|Any CPU.ActiveCfg = Debug|Any CPU
		{AE219845-DE7B-418D-AA2A-A2C04B2432B9}.Debug|Any CPU.Build.0 = Debug|Any CPU
		{AE219845-DE7B-418D-AA2A-A2C04B2432B9}.Release|Any CPU.ActiveCfg = Release|Any CPU
		{AE219845-DE7B-418D-AA2A-A2C04B2432B9}.Release|Any CPU.Build.0 = Release|Any CPU
		{96DA3B08-36B9-4363-B0AF-6541D53EC963}.Debug|Any CPU.ActiveCfg = Debug|Any CPU
		{96DA3B08-36B9-4363-B0AF-6541D53EC963}.Debug|Any CPU.Build.0 = Debug|Any CPU
		{96DA3B08-36B9-4363-B0AF-6541D53EC963}.Release|Any CPU.ActiveCfg = Release|Any CPU
		{96DA3B08-36B9-4363-B0AF-6541D53EC963}.Release|Any CPU.Build.0 = Release|Any CPU
		{6D906113-9C2F-4407-BC26-3610C1633542}.Debug|Any CPU.ActiveCfg = Debug|Any CPU
		{6D906113-9C2F-4407-BC26-3610C1633542}.Debug|Any CPU.Build.0 = Debug|Any CPU
		{6D906113-9C2F-4407-BC26-3610C1633542}.Release|Any CPU.ActiveCfg = Release|Any CPU
		{6D906113-9C2F-4407-BC26-3610C1633542}.Release|Any CPU.Build.0 = Release|Any CPU
		{8FEDE6D6-6F06-48F5-887F-9322F370AD66}.Debug|Any CPU.ActiveCfg = Debug|Any CPU
		{8FEDE6D6-6F06-48F5-887F-9322F370AD66}.Debug|Any CPU.Build.0 = Debug|Any CPU
		{8FEDE6D6-6F06-48F5-887F-9322F370AD66}.Release|Any CPU.ActiveCfg = Release|Any CPU
		{8FEDE6D6-6F06-48F5-887F-9322F370AD66}.Release|Any CPU.Build.0 = Release|Any CPU
		{037AF1A9-4174-4849-9B61-D02ADE299BA2}.Debug|Any CPU.ActiveCfg = Debug|Any CPU
		{037AF1A9-4174-4849-9B61-D02ADE299BA2}.Debug|Any CPU.Build.0 = Debug|Any CPU
		{037AF1A9-4174-4849-9B61-D02ADE299BA2}.Release|Any CPU.ActiveCfg = Release|Any CPU
		{037AF1A9-4174-4849-9B61-D02ADE299BA2}.Release|Any CPU.Build.0 = Release|Any CPU
		{04C0D6FF-C1D2-44FB-8405-DB58CEA423BE}.Debug|Any CPU.ActiveCfg = Debug|Any CPU
		{04C0D6FF-C1D2-44FB-8405-DB58CEA423BE}.Debug|Any CPU.Build.0 = Debug|Any CPU
		{04C0D6FF-C1D2-44FB-8405-DB58CEA423BE}.Release|Any CPU.ActiveCfg = Release|Any CPU
		{04C0D6FF-C1D2-44FB-8405-DB58CEA423BE}.Release|Any CPU.Build.0 = Release|Any CPU
		{F912A9B8-1B5F-4A88-9769-9CF34D1B4922}.Debug|Any CPU.ActiveCfg = Debug|Any CPU
		{F912A9B8-1B5F-4A88-9769-9CF34D1B4922}.Debug|Any CPU.Build.0 = Debug|Any CPU
		{F912A9B8-1B5F-4A88-9769-9CF34D1B4922}.Release|Any CPU.ActiveCfg = Release|Any CPU
		{F912A9B8-1B5F-4A88-9769-9CF34D1B4922}.Release|Any CPU.Build.0 = Release|Any CPU
		{5415CE99-FE2F-4311-AF6C-464DAEA45927}.Debug|Any CPU.ActiveCfg = Debug|Any CPU
		{5415CE99-FE2F-4311-AF6C-464DAEA45927}.Debug|Any CPU.Build.0 = Debug|Any CPU
		{5415CE99-FE2F-4311-AF6C-464DAEA45927}.Release|Any CPU.ActiveCfg = Release|Any CPU
		{5415CE99-FE2F-4311-AF6C-464DAEA45927}.Release|Any CPU.Build.0 = Release|Any CPU
	EndGlobalSection
	GlobalSection(SolutionProperties) = preSolution
		HideSolutionNode = FALSE
	EndGlobalSection
	GlobalSection(NestedProjects) = preSolution
		{96DA3B08-36B9-4363-B0AF-6541D53EC963} = {DF43A206-D7F8-4CAF-B35D-BFB55E526BDF}
		{6D906113-9C2F-4407-BC26-3610C1633542} = {DF43A206-D7F8-4CAF-B35D-BFB55E526BDF}
		{8FEDE6D6-6F06-48F5-887F-9322F370AD66} = {DF43A206-D7F8-4CAF-B35D-BFB55E526BDF}
		{037AF1A9-4174-4849-9B61-D02ADE299BA2} = {DF43A206-D7F8-4CAF-B35D-BFB55E526BDF}
		{04C0D6FF-C1D2-44FB-8405-DB58CEA423BE} = {DF43A206-D7F8-4CAF-B35D-BFB55E526BDF}
		{F912A9B8-1B5F-4A88-9769-9CF34D1B4922} = {DF43A206-D7F8-4CAF-B35D-BFB55E526BDF}
		{5415CE99-FE2F-4311-AF6C-464DAEA45927} = {DF43A206-D7F8-4CAF-B35D-BFB55E526BDF}
	EndGlobalSection
	GlobalSection(ExtensibilityGlobals) = postSolution
		SolutionGuid = {192703CC-5F5A-47FA-B532-2D6FCFF03FF2}
	EndGlobalSection
EndGlobal
